
Microsoft Visual Studio Solution File, Format Version 12.00
# Visual Studio Version 17
VisualStudioVersion = 17.8.34330.188
MinimumVisualStudioVersion = 10.0.40219.1
Project("{2150E333-8FDC-42A3-9474-1A3956D46DE8}") = "Application", "Application", "{EB8C0E42-5123-48D3-9CA0-9641CBA37EDD}"
EndProject
Project("{2150E333-8FDC-42A3-9474-1A3956D46DE8}") = "Domain", "Domain", "{BD4D0B66-6300-4BAB-B3B7-B7F617F370BA}"
EndProject
Project("{2150E333-8FDC-42A3-9474-1A3956D46DE8}") = "Infra.Data", "Infra.Data", "{A0EF5106-A8F2-4A73-B418-2125693B6EE0}"
EndProject
Project("{2150E333-8FDC-42A3-9474-1A3956D46DE8}") = "Infra.IoC", "Infra.IoC", "{C59B28B2-8A78-4080-AD2D-97E80C4FAB85}"
EndProject
Project("{2150E333-8FDC-42A3-9474-1A3956D46DE8}") = "Presentation", "Presentation", "{B644C37F-4CC7-4B59-BD33-DB6AB1BC1109}"
EndProject
Project("{9A19103F-16F7-4668-BE54-9A1E7A4F7556}") = "CleanArch.Mvc", "CleanArch.Mvc\CleanArch.Mvc.csproj", "{BB777BCB-CA73-4AB1-B369-CDA046271E1F}"
EndProject
Project("{9A19103F-16F7-4668-BE54-9A1E7A4F7556}") = "CleanArch.Domain", "CleanArc.Domain\CleanArch.Domain.csproj", "{AEA926AC-D057-4580-BC87-90B5E840B42F}"
EndProject
Project("{9A19103F-16F7-4668-BE54-9A1E7A4F7556}") = "CleanArch.Infra.Data", "CleanArch.Infra.Data\CleanArch.Infra.Data.csproj", "{2F29F848-055C-4E30-9E30-7F0140FF7E7C}"
EndProject
Project("{9A19103F-16F7-4668-BE54-9A1E7A4F7556}") = "CleanArch.Application", "CleanArch.Application\CleanArch.Application.csproj", "{0CB9FE7F-66B5-4E2B-A35E-2B1C9537BC84}"
EndProject
Project("{9A19103F-16F7-4668-BE54-9A1E7A4F7556}") = "CleanArch.Infra.IoC", "CleanArch.Infra.IoC\CleanArch.Infra.IoC.csproj", "{B1ACC5FF-F151-450F-A30A-8E7F00191CCB}"
EndProject
Project("{2150E333-8FDC-42A3-9474-1A3956D46DE8}") = "Infra.Bus", "Infra.Bus", "{C74A9F63-5096-4224-BC18-F2E6C5FAF43D}"
EndProject
Project("{2150E333-8FDC-42A3-9474-1A3956D46DE8}") = "Api", "Api", "{EA43B928-6E59-4276-BA43-E876FF6A52B8}"
EndProject
Project("{FAE04EC0-301F-11D3-BF4B-00C04F79EFBC}") = "CleanArch.Infra.Bus", "CleanArch.Infra.Bus\CleanArch.Infra.Bus.csproj", "{C5438BE0-C232-4D8F-B357-4E79BB592FE0}"
EndProject
Project("{FAE04EC0-301F-11D3-BF4B-00C04F79EFBC}") = "CleanArch.Domain.Core", "CleanArch.Domain.Core\CleanArch.Domain.Core.csproj", "{347200E2-99F7-444B-BA68-872D2C22D518}"
EndProject
Project("{FAE04EC0-301F-11D3-BF4B-00C04F79EFBC}") = "CleanArch.Api", "CleanArch.Api\CleanArch.Api.csproj", "{B49A4C4B-2B08-4C4E-A6CE-158674E3EC50}"
EndProject
Global
	GlobalSection(SolutionConfigurationPlatforms) = preSolution
		Debug|Any CPU = Debug|Any CPU
		Release|Any CPU = Release|Any CPU
	EndGlobalSection
	GlobalSection(ProjectConfigurationPlatforms) = postSolution
		{BB777BCB-CA73-4AB1-B369-CDA046271E1F}.Debug|Any CPU.ActiveCfg = Debug|Any CPU
		{BB777BCB-CA73-4AB1-B369-CDA046271E1F}.Debug|Any CPU.Build.0 = Debug|Any CPU
		{BB777BCB-CA73-4AB1-B369-CDA046271E1F}.Release|Any CPU.ActiveCfg = Release|Any CPU
		{BB777BCB-CA73-4AB1-B369-CDA046271E1F}.Release|Any CPU.Build.0 = Release|Any CPU
		{AEA926AC-D057-4580-BC87-90B5E840B42F}.Debug|Any CPU.ActiveCfg = Debug|Any CPU
		{AEA926AC-D057-4580-BC87-90B5E840B42F}.Debug|Any CPU.Build.0 = Debug|Any CPU
		{AEA926AC-D057-4580-BC87-90B5E840B42F}.Release|Any CPU.ActiveCfg = Release|Any CPU
		{AEA926AC-D057-4580-BC87-90B5E840B42F}.Release|Any CPU.Build.0 = Release|Any CPU
		{2F29F848-055C-4E30-9E30-7F0140FF7E7C}.Debug|Any CPU.ActiveCfg = Debug|Any CPU
		{2F29F848-055C-4E30-9E30-7F0140FF7E7C}.Debug|Any CPU.Build.0 = Debug|Any CPU
		{2F29F848-055C-4E30-9E30-7F0140FF7E7C}.Release|Any CPU.ActiveCfg = Release|Any CPU
		{2F29F848-055C-4E30-9E30-7F0140FF7E7C}.Release|Any CPU.Build.0 = Release|Any CPU
		{0CB9FE7F-66B5-4E2B-A35E-2B1C9537BC84}.Debug|Any CPU.ActiveCfg = Debug|Any CPU
		{0CB9FE7F-66B5-4E2B-A35E-2B1C9537BC84}.Debug|Any CPU.Build.0 = Debug|Any CPU
		{0CB9FE7F-66B5-4E2B-A35E-2B1C9537BC84}.Release|Any CPU.ActiveCfg = Release|Any CPU
		{0CB9FE7F-66B5-4E2B-A35E-2B1C9537BC84}.Release|Any CPU.Build.0 = Release|Any CPU
		{B1ACC5FF-F151-450F-A30A-8E7F00191CCB}.Debug|Any CPU.ActiveCfg = Debug|Any CPU
		{B1ACC5FF-F151-450F-A30A-8E7F00191CCB}.Debug|Any CPU.Build.0 = Debug|Any CPU
		{B1ACC5FF-F151-450F-A30A-8E7F00191CCB}.Release|Any CPU.ActiveCfg = Release|Any CPU
		{B1ACC5FF-F151-450F-A30A-8E7F00191CCB}.Release|Any CPU.Build.0 = Release|Any CPU
		{C5438BE0-C232-4D8F-B357-4E79BB592FE0}.Debug|Any CPU.ActiveCfg = Debug|Any CPU
		{C5438BE0-C232-4D8F-B357-4E79BB592FE0}.Debug|Any CPU.Build.0 = Debug|Any CPU
		{C5438BE0-C232-4D8F-B357-4E79BB592FE0}.Release|Any CPU.ActiveCfg = Release|Any CPU
		{C5438BE0-C232-4D8F-B357-4E79BB592FE0}.Release|Any CPU.Build.0 = Release|Any CPU
		{347200E2-99F7-444B-BA68-872D2C22D518}.Debug|Any CPU.ActiveCfg = Debug|Any CPU
		{347200E2-99F7-444B-BA68-872D2C22D518}.Debug|Any CPU.Build.0 = Debug|Any CPU
		{347200E2-99F7-444B-BA68-872D2C22D518}.Release|Any CPU.ActiveCfg = Release|Any CPU
		{347200E2-99F7-444B-BA68-872D2C22D518}.Release|Any CPU.Build.0 = Release|Any CPU
		{B49A4C4B-2B08-4C4E-A6CE-158674E3EC50}.Debug|Any CPU.ActiveCfg = Debug|Any CPU
		{B49A4C4B-2B08-4C4E-A6CE-158674E3EC50}.Debug|Any CPU.Build.0 = Debug|Any CPU
		{B49A4C4B-2B08-4C4E-A6CE-158674E3EC50}.Release|Any CPU.ActiveCfg = Release|Any CPU
		{B49A4C4B-2B08-4C4E-A6CE-158674E3EC50}.Release|Any CPU.Build.0 = Release|Any CPU
	EndGlobalSection
	GlobalSection(SolutionProperties) = preSolution
		HideSolutionNode = FALSE
	EndGlobalSection
	GlobalSection(NestedProjects) = preSolution
		{BB777BCB-CA73-4AB1-B369-CDA046271E1F} = {B644C37F-4CC7-4B59-BD33-DB6AB1BC1109}
		{AEA926AC-D057-4580-BC87-90B5E840B42F} = {BD4D0B66-6300-4BAB-B3B7-B7F617F370BA}
		{2F29F848-055C-4E30-9E30-7F0140FF7E7C} = {A0EF5106-A8F2-4A73-B418-2125693B6EE0}
		{0CB9FE7F-66B5-4E2B-A35E-2B1C9537BC84} = {EB8C0E42-5123-48D3-9CA0-9641CBA37EDD}
		{B1ACC5FF-F151-450F-A30A-8E7F00191CCB} = {C59B28B2-8A78-4080-AD2D-97E80C4FAB85}
		{C5438BE0-C232-4D8F-B357-4E79BB592FE0} = {C74A9F63-5096-4224-BC18-F2E6C5FAF43D}
		{347200E2-99F7-444B-BA68-872D2C22D518} = {BD4D0B66-6300-4BAB-B3B7-B7F617F370BA}
		{B49A4C4B-2B08-4C4E-A6CE-158674E3EC50} = {EA43B928-6E59-4276-BA43-E876FF6A52B8}
	EndGlobalSection
	GlobalSection(ExtensibilityGlobals) = postSolution
		SolutionGuid = {46C4A229-3359-4968-A8CE-80C274730165}
	EndGlobalSection
EndGlobal
